
Microsoft Visual Studio Solution File, Format Version 12.00
# Visual Studio 2012
Project("{FAE04EC0-301F-11D3-BF4B-00C04F79EFBC}") = "wa_test", "wa_test.csproj", "{2D3136D6-F29D-4D1F-9C19-06F4F81F1479}"
EndProject
Project("{FAE04EC0-301F-11D3-BF4B-00C04F79EFBC}") = "App.API", "..\Service\App.API\App.API.csproj", "{F0A8C797-338E-45B8-9ABA-B349881A9220}"
EndProject
Project("{FAE04EC0-301F-11D3-BF4B-00C04F79EFBC}") = "App.API.Tests", "..\Service\App.API.Tests\App.API.Tests.csproj", "{7FE29900-0B85-4ED8-BF7C-211D82E0E980}"
EndProject
Project("{FAE04EC0-301F-11D3-BF4B-00C04F79EFBC}") = "App.Model", "..\Service\App.Model\App.Model.csproj", "{8849F8A0-8397-4CBE-B2C1-19C358B730DC}"
EndProject
Project("{FAE04EC0-301F-11D3-BF4B-00C04F79EFBC}") = "App.DAL", "..\Service\App.DAL\App.DAL.csproj", "{89F6E557-FBFA-417F-9032-5FA43201811C}"
EndProject
Project("{FAE04EC0-301F-11D3-BF4B-00C04F79EFBC}") = "App.Repository", "..\Service\App.Repository\App.Repository.csproj", "{D4D9749B-3A4C-4E45-A577-6EF6886542BB}"
EndProject
Global
	GlobalSection(SolutionConfigurationPlatforms) = preSolution
		Debug|Any CPU = Debug|Any CPU
		Release|Any CPU = Release|Any CPU
	EndGlobalSection
	GlobalSection(ProjectConfigurationPlatforms) = postSolution
		{2D3136D6-F29D-4D1F-9C19-06F4F81F1479}.Debug|Any CPU.ActiveCfg = Debug|Any CPU
		{2D3136D6-F29D-4D1F-9C19-06F4F81F1479}.Debug|Any CPU.Build.0 = Debug|Any CPU
		{2D3136D6-F29D-4D1F-9C19-06F4F81F1479}.Release|Any CPU.ActiveCfg = Release|Any CPU
		{2D3136D6-F29D-4D1F-9C19-06F4F81F1479}.Release|Any CPU.Build.0 = Release|Any CPU
		{F0A8C797-338E-45B8-9ABA-B349881A9220}.Debug|Any CPU.ActiveCfg = Debug|Any CPU
		{F0A8C797-338E-45B8-9ABA-B349881A9220}.Debug|Any CPU.Build.0 = Debug|Any CPU
		{F0A8C797-338E-45B8-9ABA-B349881A9220}.Release|Any CPU.ActiveCfg = Release|Any CPU
		{F0A8C797-338E-45B8-9ABA-B349881A9220}.Release|Any CPU.Build.0 = Release|Any CPU
		{7FE29900-0B85-4ED8-BF7C-211D82E0E980}.Debug|Any CPU.ActiveCfg = Debug|Any CPU
		{7FE29900-0B85-4ED8-BF7C-211D82E0E980}.Debug|Any CPU.Build.0 = Debug|Any CPU
		{7FE29900-0B85-4ED8-BF7C-211D82E0E980}.Release|Any CPU.ActiveCfg = Release|Any CPU
		{7FE29900-0B85-4ED8-BF7C-211D82E0E980}.Release|Any CPU.Build.0 = Release|Any CPU
		{8849F8A0-8397-4CBE-B2C1-19C358B730DC}.Debug|Any CPU.ActiveCfg = Debug|Any CPU
		{8849F8A0-8397-4CBE-B2C1-19C358B730DC}.Debug|Any CPU.Build.0 = Debug|Any CPU
		{8849F8A0-8397-4CBE-B2C1-19C358B730DC}.Release|Any CPU.ActiveCfg = Release|Any CPU
		{8849F8A0-8397-4CBE-B2C1-19C358B730DC}.Release|Any CPU.Build.0 = Release|Any CPU
		{89F6E557-FBFA-417F-9032-5FA43201811C}.Debug|Any CPU.ActiveCfg = Debug|Any CPU
		{89F6E557-FBFA-417F-9032-5FA43201811C}.Debug|Any CPU.Build.0 = Debug|Any CPU
		{89F6E557-FBFA-417F-9032-5FA43201811C}.Release|Any CPU.ActiveCfg = Release|Any CPU
		{89F6E557-FBFA-417F-9032-5FA43201811C}.Release|Any CPU.Build.0 = Release|Any CPU
		{D4D9749B-3A4C-4E45-A577-6EF6886542BB}.Debug|Any CPU.ActiveCfg = Debug|Any CPU
		{D4D9749B-3A4C-4E45-A577-6EF6886542BB}.Debug|Any CPU.Build.0 = Debug|Any CPU
		{D4D9749B-3A4C-4E45-A577-6EF6886542BB}.Release|Any CPU.ActiveCfg = Release|Any CPU
		{D4D9749B-3A4C-4E45-A577-6EF6886542BB}.Release|Any CPU.Build.0 = Release|Any CPU
	EndGlobalSection
	GlobalSection(SolutionProperties) = preSolution
		HideSolutionNode = FALSE
	EndGlobalSection
EndGlobal
