
Microsoft Visual Studio Solution File, Format Version 12.00
# Visual Studio 2012
Project("{FAE04EC0-301F-11D3-BF4B-00C04F79EFBC}") = "Server", "Server\Server.csproj", "{D9C4D1C9-7086-47D7-AC7D-DF2811A4C006}"
EndProject
Project("{FAE04EC0-301F-11D3-BF4B-00C04F79EFBC}") = "Server.Tests", "Server.Tests\Server.Tests.csproj", "{1D4008C3-F92B-46B9-BF11-A5E5607E7249}"
EndProject
Project("{2150E333-8FDC-42A3-9474-1A3956D46DE8}") = "ApiService", "ApiService", "{E9DEAEFE-17E0-4C02-8CEC-E95192E7DEA6}"
EndProject
Project("{FAE04EC0-301F-11D3-BF4B-00C04F79EFBC}") = "Server.Entity", "Server.Entity\Server.Entity.csproj", "{C4EAC3B4-AD1A-4765-98A9-A1E5B35739EC}"
EndProject
Project("{2150E333-8FDC-42A3-9474-1A3956D46DE8}") = "Models", "Models", "{32BF9CAF-98A1-447A-9EAA-5A1F66244A88}"
EndProject
Project("{FAE04EC0-301F-11D3-BF4B-00C04F79EFBC}") = "Data.Models", "..\Common\Data.Models\Data.Models.csproj", "{3F9B903B-6A54-4BED-B9E7-BB57AC3E673A}"
EndProject
Project("{FAE04EC0-301F-11D3-BF4B-00C04F79EFBC}") = "Server.Services", "Server.Services\Server.Services.csproj", "{601DF50F-8117-433D-9103-64037D253F3C}"
EndProject
Project("{2150E333-8FDC-42A3-9474-1A3956D46DE8}") = "Transport", "Transport", "{8AB59A07-7314-40E9-BB28-00183C78176B}"
EndProject
Project("{FAE04EC0-301F-11D3-BF4B-00C04F79EFBC}") = "Data.Transport", "..\Common\Data.Transport\Data.Transport.csproj", "{4D3D3180-AE82-4DE8-86A7-F0B07A043742}"
EndProject
Project("{2150E333-8FDC-42A3-9474-1A3956D46DE8}") = "Clients", "Clients", "{76E07495-09D4-49C7-A9F3-B6F4D3358A93}"
EndProject
Project("{FAE04EC0-301F-11D3-BF4B-00C04F79EFBC}") = "MvcClient", "..\Clients\MvcClient\MvcClient.csproj", "{06402FC2-4442-4851-952A-9ACF3FFBE83D}"
EndProject
Global
	GlobalSection(SolutionConfigurationPlatforms) = preSolution
		Debug|Any CPU = Debug|Any CPU
		Release|Any CPU = Release|Any CPU
	EndGlobalSection
	GlobalSection(ProjectConfigurationPlatforms) = postSolution
		{D9C4D1C9-7086-47D7-AC7D-DF2811A4C006}.Debug|Any CPU.ActiveCfg = Debug|Any CPU
		{D9C4D1C9-7086-47D7-AC7D-DF2811A4C006}.Debug|Any CPU.Build.0 = Debug|Any CPU
		{D9C4D1C9-7086-47D7-AC7D-DF2811A4C006}.Release|Any CPU.ActiveCfg = Release|Any CPU
		{D9C4D1C9-7086-47D7-AC7D-DF2811A4C006}.Release|Any CPU.Build.0 = Release|Any CPU
		{1D4008C3-F92B-46B9-BF11-A5E5607E7249}.Debug|Any CPU.ActiveCfg = Debug|Any CPU
		{1D4008C3-F92B-46B9-BF11-A5E5607E7249}.Debug|Any CPU.Build.0 = Debug|Any CPU
		{1D4008C3-F92B-46B9-BF11-A5E5607E7249}.Release|Any CPU.ActiveCfg = Release|Any CPU
		{1D4008C3-F92B-46B9-BF11-A5E5607E7249}.Release|Any CPU.Build.0 = Release|Any CPU
		{C4EAC3B4-AD1A-4765-98A9-A1E5B35739EC}.Debug|Any CPU.ActiveCfg = Debug|Any CPU
		{C4EAC3B4-AD1A-4765-98A9-A1E5B35739EC}.Debug|Any CPU.Build.0 = Debug|Any CPU
		{C4EAC3B4-AD1A-4765-98A9-A1E5B35739EC}.Release|Any CPU.ActiveCfg = Release|Any CPU
		{C4EAC3B4-AD1A-4765-98A9-A1E5B35739EC}.Release|Any CPU.Build.0 = Release|Any CPU
		{3F9B903B-6A54-4BED-B9E7-BB57AC3E673A}.Debug|Any CPU.ActiveCfg = Debug|Any CPU
		{3F9B903B-6A54-4BED-B9E7-BB57AC3E673A}.Debug|Any CPU.Build.0 = Debug|Any CPU
		{3F9B903B-6A54-4BED-B9E7-BB57AC3E673A}.Release|Any CPU.ActiveCfg = Release|Any CPU
		{3F9B903B-6A54-4BED-B9E7-BB57AC3E673A}.Release|Any CPU.Build.0 = Release|Any CPU
		{601DF50F-8117-433D-9103-64037D253F3C}.Debug|Any CPU.ActiveCfg = Debug|Any CPU
		{601DF50F-8117-433D-9103-64037D253F3C}.Debug|Any CPU.Build.0 = Debug|Any CPU
		{601DF50F-8117-433D-9103-64037D253F3C}.Release|Any CPU.ActiveCfg = Release|Any CPU
		{601DF50F-8117-433D-9103-64037D253F3C}.Release|Any CPU.Build.0 = Release|Any CPU
		{4D3D3180-AE82-4DE8-86A7-F0B07A043742}.Debug|Any CPU.ActiveCfg = Debug|Any CPU
		{4D3D3180-AE82-4DE8-86A7-F0B07A043742}.Debug|Any CPU.Build.0 = Debug|Any CPU
		{4D3D3180-AE82-4DE8-86A7-F0B07A043742}.Release|Any CPU.ActiveCfg = Release|Any CPU
		{4D3D3180-AE82-4DE8-86A7-F0B07A043742}.Release|Any CPU.Build.0 = Release|Any CPU
		{06402FC2-4442-4851-952A-9ACF3FFBE83D}.Debug|Any CPU.ActiveCfg = Debug|Any CPU
		{06402FC2-4442-4851-952A-9ACF3FFBE83D}.Debug|Any CPU.Build.0 = Debug|Any CPU
		{06402FC2-4442-4851-952A-9ACF3FFBE83D}.Release|Any CPU.ActiveCfg = Release|Any CPU
		{06402FC2-4442-4851-952A-9ACF3FFBE83D}.Release|Any CPU.Build.0 = Release|Any CPU
	EndGlobalSection
	GlobalSection(SolutionProperties) = preSolution
		HideSolutionNode = FALSE
	EndGlobalSection
	GlobalSection(NestedProjects) = preSolution
		{1D4008C3-F92B-46B9-BF11-A5E5607E7249} = {E9DEAEFE-17E0-4C02-8CEC-E95192E7DEA6}
		{D9C4D1C9-7086-47D7-AC7D-DF2811A4C006} = {E9DEAEFE-17E0-4C02-8CEC-E95192E7DEA6}
		{C4EAC3B4-AD1A-4765-98A9-A1E5B35739EC} = {E9DEAEFE-17E0-4C02-8CEC-E95192E7DEA6}
		{601DF50F-8117-433D-9103-64037D253F3C} = {E9DEAEFE-17E0-4C02-8CEC-E95192E7DEA6}
		{3F9B903B-6A54-4BED-B9E7-BB57AC3E673A} = {32BF9CAF-98A1-447A-9EAA-5A1F66244A88}
		{4D3D3180-AE82-4DE8-86A7-F0B07A043742} = {8AB59A07-7314-40E9-BB28-00183C78176B}
		{06402FC2-4442-4851-952A-9ACF3FFBE83D} = {76E07495-09D4-49C7-A9F3-B6F4D3358A93}
	EndGlobalSection
EndGlobal
